{
    "_readme": [
        "This file locks the dependencies of your project to a known state",
        "Read more about it at https://getcomposer.org/doc/01-basic-usage.md#installing-dependencies",
        "This file is @generated automatically"
    ],
    "content-hash": "40ea17c5d0b277138e831ea113c873bf",
    "packages": [
        {
            "name": "onemigrator/onemigrator",
            "version": "dev-main",
            "source": {
                "type": "git",
                "url": "https://github.com/TheAceMotiur/OneMigrator.git",
                "reference": "28ea07b3fb04709d18e9b68f61e4fb678eec3116"
            },
            "dist": {
                "type": "zip",
                "url": "https://api.github.com/repos/TheAceMotiur/OneMigrator/zipball/28ea07b3fb04709d18e9b68f61e4fb678eec3116",
                "reference": "28ea07b3fb04709d18e9b68f61e4fb678eec3116",
                "shasum": ""
            },
            "require": {
                "ext-pdo": "*",
                "php": ">=7.4"
            },
            "require-dev": {
                "phpunit/phpunit": "^9.0"
            },
            "default-branch": true,
            "type": "library",
            "autoload": {
                "psr-4": {
                    "OneMigrator\\": "src/"
                }
            },
            "notification-url": "https://packagist.org/downloads/",
            "license": [
                "MIT"
            ],
            "description": "Database migration system with checksum support",
            "support": {
                "issues": "https://github.com/TheAceMotiur/OneMigrator/issues",
                "source": "https://github.com/TheAceMotiur/OneMigrator/tree/main"
            },
            "time": "2025-01-14T07:17:01+00:00"
        }
    ],
    "packages-dev": [],
    "aliases": [],
    "minimum-stability": "dev",
    "stability-flags": {
        "onemigrator/onemigrator": 20
    },
    "prefer-stable": true,
    "prefer-lowest": false,
    "platform": {
        "php": ">=7.4"
    },
    "platform-dev": {},
    "plugin-api-version": "2.6.0"
}
